
Microsoft Visual Studio Solution File, Format Version 12.00
# Visual Studio Version 17
VisualStudioVersion = 17.0.32112.339
MinimumVisualStudioVersion = 10.0.40219.1
Project("{9A19103F-16F7-4668-BE54-9A1E7A4F7556}") = "CapaPresentacion", "CapaPresentacion\CapaPresentacion.csproj", "{AB64DD45-3722-4FFE-9DA5-529BB350A26F}"
EndProject
Project("{9A19103F-16F7-4668-BE54-9A1E7A4F7556}") = "CapaNegocios", "CapaNegocios\CapaNegocios.csproj", "{47C3DC38-882C-4CFE-9E6A-480A68CA11CC}"
EndProject
Project("{FAE04EC0-301F-11D3-BF4B-00C04F79EFBC}") = "CapaDatos", "CapaDatos\CapaDatos.csproj", "{F8D6D4FB-FBB1-45FA-8BB9-EDADD37C626C}"
EndProject
Global
	GlobalSection(SolutionConfigurationPlatforms) = preSolution
		Debug|Any CPU = Debug|Any CPU
		Release|Any CPU = Release|Any CPU
	EndGlobalSection
	GlobalSection(ProjectConfigurationPlatforms) = postSolution
		{AB64DD45-3722-4FFE-9DA5-529BB350A26F}.Debug|Any CPU.ActiveCfg = Debug|Any CPU
		{AB64DD45-3722-4FFE-9DA5-529BB350A26F}.Debug|Any CPU.Build.0 = Debug|Any CPU
		{AB64DD45-3722-4FFE-9DA5-529BB350A26F}.Release|Any CPU.ActiveCfg = Release|Any CPU
		{AB64DD45-3722-4FFE-9DA5-529BB350A26F}.Release|Any CPU.Build.0 = Release|Any CPU
		{47C3DC38-882C-4CFE-9E6A-480A68CA11CC}.Debug|Any CPU.ActiveCfg = Debug|Any CPU
		{47C3DC38-882C-4CFE-9E6A-480A68CA11CC}.Debug|Any CPU.Build.0 = Debug|Any CPU
		{47C3DC38-882C-4CFE-9E6A-480A68CA11CC}.Release|Any CPU.ActiveCfg = Release|Any CPU
		{47C3DC38-882C-4CFE-9E6A-480A68CA11CC}.Release|Any CPU.Build.0 = Release|Any CPU
		{F8D6D4FB-FBB1-45FA-8BB9-EDADD37C626C}.Debug|Any CPU.ActiveCfg = Debug|Any CPU
		{F8D6D4FB-FBB1-45FA-8BB9-EDADD37C626C}.Debug|Any CPU.Build.0 = Debug|Any CPU
		{F8D6D4FB-FBB1-45FA-8BB9-EDADD37C626C}.Release|Any CPU.ActiveCfg = Release|Any CPU
		{F8D6D4FB-FBB1-45FA-8BB9-EDADD37C626C}.Release|Any CPU.Build.0 = Release|Any CPU
	EndGlobalSection
	GlobalSection(SolutionProperties) = preSolution
		HideSolutionNode = FALSE
	EndGlobalSection
	GlobalSection(ExtensibilityGlobals) = postSolution
		SolutionGuid = {A30B51EA-62D7-47D4-9214-147A717E9C3F}
	EndGlobalSection
EndGlobal
